// !$*UTF8*$!
{
	archiveVersion = 1;
	classes = {
	};
	objectVersion = 46;
	objects = {

/* Begin PBXBuildFile section */
		425F44651DB5625E00B8B8AC /* RemoteCommandDataSource.swift in Sources */ = {isa = PBXBuildFile; fileRef = 425F44641DB5625E00B8B8AC /* RemoteCommandDataSource.swift */; };
		427472E21D9D8A9600D6DE1B /* AssetPlaybackManager.swift in Sources */ = {isa = PBXBuildFile; fileRef = 427472DE1D9D8A9600D6DE1B /* AssetPlaybackManager.swift */; };
		427472E41D9D8A9600D6DE1B /* RemoteCommandManager.swift in Sources */ = {isa = PBXBuildFile; fileRef = 427472DF1D9D8A9600D6DE1B /* RemoteCommandManager.swift */; };
		427472E61D9D8A9600D6DE1B /* Asset.swift in Sources */ = {isa = PBXBuildFile; fileRef = 427472E11D9D8A9600D6DE1B /* Asset.swift */; };
		42B08C0D1DA80E4F00D67FE3 /* Song 1.m4a in Resources */ = {isa = PBXBuildFile; fileRef = 42B08C0A1DA80E4F00D67FE3 /* Song 1.m4a */; };
		42B08C0E1DA80E4F00D67FE3 /* Song 2.m4a in Resources */ = {isa = PBXBuildFile; fileRef = 42B08C0B1DA80E4F00D67FE3 /* Song 2.m4a */; };
		42B08C0F1DA80E4F00D67FE3 /* Song 3.m4a in Resources */ = {isa = PBXBuildFile; fileRef = 42B08C0C1DA80E4F00D67FE3 /* Song 3.m4a */; };
		42CCAFF11CFE95EE00DB69AB /* RemoteCommandListTableViewController.swift in Sources */ = {isa = PBXBuildFile; fileRef = 42CCAFF01CFE95EE00DB69AB /* RemoteCommandListTableViewController.swift */; };
		42CCB0111CFEA66300DB69AB /* RemoteCommandListTableViewCell.swift in Sources */ = {isa = PBXBuildFile; fileRef = 42CCB0101CFEA66300DB69AB /* RemoteCommandListTableViewCell.swift */; };
		42D437C71CFD220E005848D2 /* AssetListTableViewController.swift in Sources */ = {isa = PBXBuildFile; fileRef = 42D437C61CFD220E005848D2 /* AssetListTableViewController.swift */; };
		42EDAF291CFCD55B002BF8A8 /* AppDelegate.swift in Sources */ = {isa = PBXBuildFile; fileRef = 42EDAF281CFCD55B002BF8A8 /* AppDelegate.swift */; };
		42EDAF2E1CFCD55B002BF8A8 /* Main.storyboard in Resources */ = {isa = PBXBuildFile; fileRef = 42EDAF2C1CFCD55B002BF8A8 /* Main.storyboard */; };
		42EDAF301CFCD55B002BF8A8 /* Assets.xcassets in Resources */ = {isa = PBXBuildFile; fileRef = 42EDAF2F1CFCD55B002BF8A8 /* Assets.xcassets */; };
		42EDAF331CFCD55B002BF8A8 /* LaunchScreen.storyboard in Resources */ = {isa = PBXBuildFile; fileRef = 42EDAF311CFCD55B002BF8A8 /* LaunchScreen.storyboard */; };
/* End PBXBuildFile section */

/* Begin PBXFileReference section */
		425F44641DB5625E00B8B8AC /* RemoteCommandDataSource.swift */ = {isa = PBXFileReference; fileEncoding = 4; lastKnownFileType = sourcecode.swift; path = RemoteCommandDataSource.swift; sourceTree = "<group>"; };
		427472DE1D9D8A9600D6DE1B /* AssetPlaybackManager.swift */ = {isa = PBXFileReference; fileEncoding = 4; lastKnownFileType = sourcecode.swift; lineEnding = 0; path = AssetPlaybackManager.swift; sourceTree = "<group>"; xcLanguageSpecificationIdentifier = xcode.lang.swift; };
		427472DF1D9D8A9600D6DE1B /* RemoteCommandManager.swift */ = {isa = PBXFileReference; fileEncoding = 4; lastKnownFileType = sourcecode.swift; lineEnding = 0; path = RemoteCommandManager.swift; sourceTree = "<group>"; xcLanguageSpecificationIdentifier = xcode.lang.swift; };
		427472E11D9D8A9600D6DE1B /* Asset.swift */ = {isa = PBXFileReference; fileEncoding = 4; lastKnownFileType = sourcecode.swift; path = Asset.swift; sourceTree = "<group>"; };
		428F4E2C1DADA10200550701 /* README.md */ = {isa = PBXFileReference; fileEncoding = 4; lastKnownFileType = net.daringfireball.markdown; path = README.md; sourceTree = "<group>"; };
		42B08C0A1DA80E4F00D67FE3 /* Song 1.m4a */ = {isa = PBXFileReference; lastKnownFileType = file; path = "Song 1.m4a"; sourceTree = "<group>"; };
		42B08C0B1DA80E4F00D67FE3 /* Song 2.m4a */ = {isa = PBXFileReference; lastKnownFileType = file; path = "Song 2.m4a"; sourceTree = "<group>"; };
		42B08C0C1DA80E4F00D67FE3 /* Song 3.m4a */ = {isa = PBXFileReference; lastKnownFileType = file; path = "Song 3.m4a"; sourceTree = "<group>"; };
		42CCAFF01CFE95EE00DB69AB /* RemoteCommandListTableViewController.swift */ = {isa = PBXFileReference; fileEncoding = 4; lastKnownFileType = sourcecode.swift; lineEnding = 0; path = RemoteCommandListTableViewController.swift; sourceTree = "<group>"; xcLanguageSpecificationIdentifier = xcode.lang.swift; };
		42CCB0101CFEA66300DB69AB /* RemoteCommandListTableViewCell.swift */ = {isa = PBXFileReference; fileEncoding = 4; lastKnownFileType = sourcecode.swift; path = RemoteCommandListTableViewCell.swift; sourceTree = "<group>"; };
		42D437C61CFD220E005848D2 /* AssetListTableViewController.swift */ = {isa = PBXFileReference; fileEncoding = 4; lastKnownFileType = sourcecode.swift; lineEnding = 0; path = AssetListTableViewController.swift; sourceTree = "<group>"; xcLanguageSpecificationIdentifier = xcode.lang.swift; };
		42EDAF251CFCD55B002BF8A8 /* MPRemoteCommandSample.app */ = {isa = PBXFileReference; explicitFileType = wrapper.application; includeInIndex = 0; path = MPRemoteCommandSample.app; sourceTree = BUILT_PRODUCTS_DIR; };
		42EDAF281CFCD55B002BF8A8 /* AppDelegate.swift */ = {isa = PBXFileReference; lastKnownFileType = sourcecode.swift; lineEnding = 0; path = AppDelegate.swift; sourceTree = "<group>"; xcLanguageSpecificationIdentifier = xcode.lang.swift; };
		42EDAF2D1CFCD55B002BF8A8 /* Base */ = {isa = PBXFileReference; lastKnownFileType = file.storyboard; name = Base; path = Base.lproj/Main.storyboard; sourceTree = "<group>"; };
		42EDAF2F1CFCD55B002BF8A8 /* Assets.xcassets */ = {isa = PBXFileReference; lastKnownFileType = folder.assetcatalog; path = Assets.xcassets; sourceTree = "<group>"; };
		42EDAF321CFCD55B002BF8A8 /* Base */ = {isa = PBXFileReference; lastKnownFileType = file.storyboard; name = Base; path = Base.lproj/LaunchScreen.storyboard; sourceTree = "<group>"; };
		42EDAF341CFCD55B002BF8A8 /* Info.plist */ = {isa = PBXFileReference; lastKnownFileType = text.plist.xml; path = Info.plist; sourceTree = "<group>"; };
/* End PBXFileReference section */

/* Begin PBXFrameworksBuildPhase section */
		42EDAF221CFCD55B002BF8A8 /* Frameworks */ = {
			isa = PBXFrameworksBuildPhase;
			buildActionMask = 2147483647;
			files = (
			);
			runOnlyForDeploymentPostprocessing = 0;
		};
/* End PBXFrameworksBuildPhase section */

/* Begin PBXGroup section */
		420B328B1DA304230068C636 /* Resources */ = {
			isa = PBXGroup;
			children = (
				42B08C0A1DA80E4F00D67FE3 /* Song 1.m4a */,
				42B08C0B1DA80E4F00D67FE3 /* Song 2.m4a */,
				42B08C0C1DA80E4F00D67FE3 /* Song 3.m4a */,
			);
			path = Resources;
			sourceTree = "<group>";
		};
		42695EF51D4EC8AB000EC436 /* Resources */ = {
			isa = PBXGroup;
			children = (
				42EDAF2F1CFCD55B002BF8A8 /* Assets.xcassets */,
				42EDAF341CFCD55B002BF8A8 /* Info.plist */,
				42EDAF311CFCD55B002BF8A8 /* LaunchScreen.storyboard */,
				42EDAF2C1CFCD55B002BF8A8 /* Main.storyboard */,
			);
			path = Resources;
			sourceTree = "<group>";
		};
		427472DC1D9D899100D6DE1B /* Shared */ = {
			isa = PBXGroup;
			children = (
				427472DD1D9D8A9600D6DE1B /* Managers */,
				427472E01D9D8A9600D6DE1B /* Model */,
				420B328B1DA304230068C636 /* Resources */,
			);
			path = Shared;
			sourceTree = "<group>";
		};
		427472DD1D9D8A9600D6DE1B /* Managers */ = {
			isa = PBXGroup;
			children = (
				427472DE1D9D8A9600D6DE1B /* AssetPlaybackManager.swift */,
				427472DF1D9D8A9600D6DE1B /* RemoteCommandManager.swift */,
				425F44641DB5625E00B8B8AC /* RemoteCommandDataSource.swift */,
			);
			path = Managers;
			sourceTree = "<group>";
		};
		427472E01D9D8A9600D6DE1B /* Model */ = {
			isa = PBXGroup;
			children = (
				427472E11D9D8A9600D6DE1B /* Asset.swift */,
			);
			path = Model;
			sourceTree = "<group>";
		};
		42EDAF1C1CFCD55B002BF8A8 = {
			isa = PBXGroup;
			children = (
				428F4E2C1DADA10200550701 /* README.md */,
				42EDAF271CFCD55B002BF8A8 /* MPRemoteCommandSample */,
				427472DC1D9D899100D6DE1B /* Shared */,
				42EDAF261CFCD55B002BF8A8 /* Products */,
			);
			sourceTree = "<group>";
		};
		42EDAF261CFCD55B002BF8A8 /* Products */ = {
			isa = PBXGroup;
			children = (
				42EDAF251CFCD55B002BF8A8 /* MPRemoteCommandSample.app */,
			);
			name = Products;
			sourceTree = "<group>";
		};
		42EDAF271CFCD55B002BF8A8 /* MPRemoteCommandSample */ = {
			isa = PBXGroup;
			children = (
				42EDAF281CFCD55B002BF8A8 /* AppDelegate.swift */,
				42D437C61CFD220E005848D2 /* AssetListTableViewController.swift */,
				42CCB0101CFEA66300DB69AB /* RemoteCommandListTableViewCell.swift */,
				42CCAFF01CFE95EE00DB69AB /* RemoteCommandListTableViewController.swift */,
				42695EF51D4EC8AB000EC436 /* Resources */,
			);
			path = MPRemoteCommandSample;
			sourceTree = "<group>";
		};
/* End PBXGroup section */

/* Begin PBXNativeTarget section */
		42EDAF241CFCD55B002BF8A8 /* MPRemoteCommandSample */ = {
			isa = PBXNativeTarget;
			buildConfigurationList = 42EDAF371CFCD55B002BF8A8 /* Build configuration list for PBXNativeTarget "MPRemoteCommandSample" */;
			buildPhases = (
				42EDAF211CFCD55B002BF8A8 /* Sources */,
				42EDAF221CFCD55B002BF8A8 /* Frameworks */,
				42EDAF231CFCD55B002BF8A8 /* Resources */,
			);
			buildRules = (
			);
			dependencies = (
			);
			name = MPRemoteCommandSample;
			productName = MPRemoteCommandExample;
			productReference = 42EDAF251CFCD55B002BF8A8 /* MPRemoteCommandSample.app */;
			productType = "com.apple.product-type.application";
		};
/* End PBXNativeTarget section */

/* Begin PBXProject section */
		42EDAF1D1CFCD55B002BF8A8 /* Project object */ = {
			isa = PBXProject;
			attributes = {
				LastSwiftUpdateCheck = 0810;
				LastUpgradeCheck = 1210;
				ORGANIZATIONNAME = "";
				TargetAttributes = {
					42EDAF241CFCD55B002BF8A8 = {
						CreatedOnToolsVersion = 8.0;
						DevelopmentTeam = D878P8TW6L;
						LastSwiftMigration = 0800;
						ProvisioningStyle = Automatic;
						SystemCapabilities = {
							com.apple.BackgroundModes = {
								enabled = 1;
							};
						};
					};
				};
			};
			buildConfigurationList = 42EDAF201CFCD55B002BF8A8 /* Build configuration list for PBXProject "MPRemoteCommandSample" */;
			compatibilityVersion = "Xcode 3.2";
			developmentRegion = en;
			hasScannedForEncodings = 0;
			knownRegions = (
				en,
				Base,
			);
			mainGroup = 42EDAF1C1CFCD55B002BF8A8;
			productRefGroup = 42EDAF261CFCD55B002BF8A8 /* Products */;
			projectDirPath = "";
			projectRoot = "";
			targets = (
				42EDAF241CFCD55B002BF8A8 /* MPRemoteCommandSample */,
			);
		};
/* End PBXProject section */

/* Begin PBXResourcesBuildPhase section */
		42EDAF231CFCD55B002BF8A8 /* Resources */ = {
			isa = PBXResourcesBuildPhase;
			buildActionMask = 2147483647;
			files = (
				42EDAF331CFCD55B002BF8A8 /* LaunchScreen.storyboard in Resources */,
				42EDAF301CFCD55B002BF8A8 /* Assets.xcassets in Resources */,
				42B08C0F1DA80E4F00D67FE3 /* Song 3.m4a in Resources */,
				42B08C0D1DA80E4F00D67FE3 /* Song 1.m4a in Resources */,
				42EDAF2E1CFCD55B002BF8A8 /* Main.storyboard in Resources */,
				42B08C0E1DA80E4F00D67FE3 /* Song 2.m4a in Resources */,
			);
			runOnlyForDeploymentPostprocessing = 0;
		};
/* End PBXResourcesBuildPhase section */

/* Begin PBXSourcesBuildPhase section */
		42EDAF211CFCD55B002BF8A8 /* Sources */ = {
			isa = PBXSourcesBuildPhase;
			buildActionMask = 2147483647;
			files = (
				427472E41D9D8A9600D6DE1B /* RemoteCommandManager.swift in Sources */,
				42CCAFF11CFE95EE00DB69AB /* RemoteCommandListTableViewController.swift in Sources */,
				427472E61D9D8A9600D6DE1B /* Asset.swift in Sources */,
				42CCB0111CFEA66300DB69AB /* RemoteCommandListTableViewCell.swift in Sources */,
				427472E21D9D8A9600D6DE1B /* AssetPlaybackManager.swift in Sources */,
				42D437C71CFD220E005848D2 /* AssetListTableViewController.swift in Sources */,
				425F44651DB5625E00B8B8AC /* RemoteCommandDataSource.swift in Sources */,
				42EDAF291CFCD55B002BF8A8 /* AppDelegate.swift in Sources */,
			);
			runOnlyForDeploymentPostprocessing = 0;
		};
/* End PBXSourcesBuildPhase section */

/* Begin PBXVariantGroup section */
		42EDAF2C1CFCD55B002BF8A8 /* Main.storyboard */ = {
			isa = PBXVariantGroup;
			children = (
				42EDAF2D1CFCD55B002BF8A8 /* Base */,
			);
			name = Main.storyboard;
			sourceTree = "<group>";
		};
		42EDAF311CFCD55B002BF8A8 /* LaunchScreen.storyboard */ = {
			isa = PBXVariantGroup;
			children = (
				42EDAF321CFCD55B002BF8A8 /* Base */,
			);
			name = LaunchScreen.storyboard;
			sourceTree = "<group>";
		};
/* End PBXVariantGroup section */

/* Begin XCBuildConfiguration section */
		42EDAF351CFCD55B002BF8A8 /* Debug */ = {
			isa = XCBuildConfiguration;
			buildSettings = {
				ALWAYS_SEARCH_USER_PATHS = NO;
				CLANG_ANALYZER_LOCALIZABILITY_NONLOCALIZED = YES;
				CLANG_ANALYZER_NONNULL = YES;
				CLANG_CXX_LANGUAGE_STANDARD = "gnu++0x";
				CLANG_CXX_LIBRARY = "libc++";
				CLANG_ENABLE_MODULES = YES;
				CLANG_ENABLE_OBJC_ARC = YES;
				CLANG_WARN_BLOCK_CAPTURE_AUTORELEASING = YES;
				CLANG_WARN_BOOL_CONVERSION = YES;
				CLANG_WARN_COMMA = YES;
				CLANG_WARN_CONSTANT_CONVERSION = YES;
				CLANG_WARN_DEPRECATED_OBJC_IMPLEMENTATIONS = YES;
				CLANG_WARN_DIRECT_OBJC_ISA_USAGE = YES_ERROR;
				CLANG_WARN_DOCUMENTATION_COMMENTS = YES;
				CLANG_WARN_EMPTY_BODY = YES;
				CLANG_WARN_ENUM_CONVERSION = YES;
				CLANG_WARN_INFINITE_RECURSION = YES;
				CLANG_WARN_INT_CONVERSION = YES;
				CLANG_WARN_NON_LITERAL_NULL_CONVERSION = YES;
				CLANG_WARN_OBJC_IMPLICIT_RETAIN_SELF = YES;
				CLANG_WARN_OBJC_LITERAL_CONVERSION = YES;
				CLANG_WARN_OBJC_ROOT_CLASS = YES_ERROR;
				CLANG_WARN_QUOTED_INCLUDE_IN_FRAMEWORK_HEADER = YES;
				CLANG_WARN_RANGE_LOOP_ANALYSIS = YES;
				CLANG_WARN_STRICT_PROTOTYPES = YES;
				CLANG_WARN_SUSPICIOUS_MOVE = YES;
				CLANG_WARN_UNREACHABLE_CODE = YES;
				CLANG_WARN__DUPLICATE_METHOD_MATCH = YES;
				"CODE_SIGN_IDENTITY[sdk=iphoneos*]" = "iPhone Developer";
				COPY_PHASE_STRIP = NO;
				DEBUG_INFORMATION_FORMAT = dwarf;
				ENABLE_STRICT_OBJC_MSGSEND = YES;
				ENABLE_TESTABILITY = YES;
				GCC_C_LANGUAGE_STANDARD = gnu99;
				GCC_DYNAMIC_NO_PIC = NO;
				GCC_NO_COMMON_BLOCKS = YES;
				GCC_OPTIMIZATION_LEVEL = 0;
				GCC_PREPROCESSOR_DEFINITIONS = (
					"DEBUG=1",
					"$(inherited)",
				);
				GCC_WARN_64_TO_32_BIT_CONVERSION = YES;
				GCC_WARN_ABOUT_RETURN_TYPE = YES_ERROR;
				GCC_WARN_UNDECLARED_SELECTOR = YES;
				GCC_WARN_UNINITIALIZED_AUTOS = YES_AGGRESSIVE;
				GCC_WARN_UNUSED_FUNCTION = YES;
				GCC_WARN_UNUSED_VARIABLE = YES;
				IPHONEOS_DEPLOYMENT_TARGET = 12.0;
				MACOSX_DEPLOYMENT_TARGET = 10.12.1;
				MTL_ENABLE_DEBUG_INFO = YES;
				ONLY_ACTIVE_ARCH = YES;
				SDKROOT = iphoneos;
				SWIFT_ACTIVE_COMPILATION_CONDITIONS = DEBUG;
				SWIFT_OPTIMIZATION_LEVEL = "-Onone";
			};
			name = Debug;
		};
		42EDAF361CFCD55B002BF8A8 /* Release */ = {
			isa = XCBuildConfiguration;
			buildSettings = {
				ALWAYS_SEARCH_USER_PATHS = NO;
				CLANG_ANALYZER_LOCALIZABILITY_NONLOCALIZED = YES;
				CLANG_ANALYZER_NONNULL = YES;
				CLANG_CXX_LANGUAGE_STANDARD = "gnu++0x";
				CLANG_CXX_LIBRARY = "libc++";
				CLANG_ENABLE_MODULES = YES;
				CLANG_ENABLE_OBJC_ARC = YES;
				CLANG_WARN_BLOCK_CAPTURE_AUTORELEASING = YES;
				CLANG_WARN_BOOL_CONVERSION = YES;
				CLANG_WARN_COMMA = YES;
				CLANG_WARN_CONSTANT_CONVERSION = YES;
				CLANG_WARN_DEPRECATED_OBJC_IMPLEMENTATIONS = YES;
				CLANG_WARN_DIRECT_OBJC_ISA_USAGE = YES_ERROR;
				CLANG_WARN_DOCUMENTATION_COMMENTS = YES;
				CLANG_WARN_EMPTY_BODY = YES;
				CLANG_WARN_ENUM_CONVERSION = YES;
				CLANG_WARN_INFINITE_RECURSION = YES;
				CLANG_WARN_INT_CONVERSION = YES;
				CLANG_WARN_NON_LITERAL_NULL_CONVERSION = YES;
				CLANG_WARN_OBJC_IMPLICIT_RETAIN_SELF = YES;
				CLANG_WARN_OBJC_LITERAL_CONVERSION = YES;
				CLANG_WARN_OBJC_ROOT_CLASS = YES_ERROR;
				CLANG_WARN_QUOTED_INCLUDE_IN_FRAMEWORK_HEADER = YES;
				CLANG_WARN_RANGE_LOOP_ANALYSIS = YES;
				CLANG_WARN_STRICT_PROTOTYPES = YES;
				CLANG_WARN_SUSPICIOUS_MOVE = YES;
				CLANG_WARN_UNREACHABLE_CODE = YES;
				CLANG_WARN__DUPLICATE_METHOD_MATCH = YES;
				"CODE_SIGN_IDENTITY[sdk=iphoneos*]" = "iPhone Developer";
				COPY_PHASE_STRIP = NO;
				DEBUG_INFORMATION_FORMAT = "dwarf-with-dsym";
				ENABLE_NS_ASSERTIONS = NO;
				ENABLE_STRICT_OBJC_MSGSEND = YES;
				GCC_C_LANGUAGE_STANDARD = gnu99;
				GCC_NO_COMMON_BLOCKS = YES;
				GCC_WARN_64_TO_32_BIT_CONVERSION = YES;
				GCC_WARN_ABOUT_RETURN_TYPE = YES_ERROR;
				GCC_WARN_UNDECLARED_SELECTOR = YES;
				GCC_WARN_UNINITIALIZED_AUTOS = YES_AGGRESSIVE;
				GCC_WARN_UNUSED_FUNCTION = YES;
				GCC_WARN_UNUSED_VARIABLE = YES;
				IPHONEOS_DEPLOYMENT_TARGET = 12.0;
				MACOSX_DEPLOYMENT_TARGET = 10.12.1;
				MTL_ENABLE_DEBUG_INFO = NO;
				SDKROOT = iphoneos;
				SWIFT_OPTIMIZATION_LEVEL = "-Owholemodule";
				VALIDATE_PRODUCT = YES;
			};
			name = Release;
		};
		42EDAF381CFCD55B002BF8A8 /* Debug */ = {
			isa = XCBuildConfiguration;
			buildSettings = {
				ALWAYS_EMBED_SWIFT_STANDARD_LIBRARIES = YES;
				ASSETCATALOG_COMPILER_APPICON_NAME = AppIcon;
				"CODE_SIGN_IDENTITY[sdk=iphoneos*]" = "iPhone Developer";
				DEVELOPMENT_TEAM = D878P8TW6L;
				INFOPLIST_FILE = "$(SRCROOT)/MPRemoteCommandSample/Resources/Info.plist";
				LD_RUNPATH_SEARCH_PATHS = "$(inherited) @executable_path/Frameworks";
				PRODUCT_BUNDLE_IDENTIFIER = com.plede.MPRem;
				PRODUCT_NAME = "$(TARGET_NAME)";
				SWIFT_VERSION = 5.0;
			};
			name = Debug;
		};
		42EDAF391CFCD55B002BF8A8 /* Release */ = {
			isa = XCBuildConfiguration;
			buildSettings = {
				ALWAYS_EMBED_SWIFT_STANDARD_LIBRARIES = YES;
				ASSETCATALOG_COMPILER_APPICON_NAME = AppIcon;
				"CODE_SIGN_IDENTITY[sdk=iphoneos*]" = "iPhone Developer";
				DEVELOPMENT_TEAM = 337SNG4FUR;
				INFOPLIST_FILE = "$(SRCROOT)/MPRemoteCommandSample/Resources/Info.plist";
				LD_RUNPATH_SEARCH_PATHS = "$(inherited) @executable_path/Frameworks";
				PRODUCT_BUNDLE_IDENTIFIER = com.plede.MPRem;
				PRODUCT_NAME = "$(TARGET_NAME)";
				SWIFT_VERSION = 5.0;
			};
			name = Release;
		};
/* End XCBuildConfiguration section */

/* Begin XCConfigurationList section */
		42EDAF201CFCD55B002BF8A8 /* Build configuration list for PBXProject "MPRemoteCommandSample" */ = {
			isa = XCConfigurationList;
			buildConfigurations = (
				42EDAF351CFCD55B002BF8A8 /* Debug */,
				42EDAF361CFCD55B002BF8A8 /* Release */,
			);
			defaultConfigurationIsVisible = 0;
			defaultConfigurationName = Release;
		};
		42EDAF371CFCD55B002BF8A8 /* Build configuration list for PBXNativeTarget "MPRemoteCommandSample" */ = {
			isa = XCConfigurationList;
			buildConfigurations = (
				42EDAF381CFCD55B002BF8A8 /* Debug */,
				42EDAF391CFCD55B002BF8A8 /* Release */,
			);
			defaultConfigurationIsVisible = 0;
			defaultConfigurationName = Release;
		};
/* End XCConfigurationList section */
	};
	rootObject = 42EDAF1D1CFCD55B002BF8A8 /* Project object */;
}
